
Microsoft Visual Studio Solution File, Format Version 12.00
# Visual Studio Version 17
VisualStudioVersion = 17.1.32210.238
MinimumVisualStudioVersion = 10.0.40219.1
Project("{9A19103F-16F7-4668-BE54-9A1E7A4F7556}") = "2.17.MenuCs", "2.17.MenuCs\2.17.MenuCs.csproj", "{40F58CD4-3430-43FA-8FFE-D9701C928866}"
EndProject
Project("{778DAE3C-4631-46EA-AA77-85C1314464D9}") = "2.17.MenuVb", "2.17.MenuVb\2.17.MenuVb.vbproj", "{582F44B9-7E75-420B-A52F-3FD51CFD5C0C}"
EndProject
Project("{9A19103F-16F7-4668-BE54-9A1E7A4F7556}") = "2.18.PrimosCs", "2.18.PrimosCs\2.18.PrimosCs.csproj", "{6F2A43B5-A0F5-4C74-9DC6-CE57C5132315}"
EndProject
Project("{778DAE3C-4631-46EA-AA77-85C1314464D9}") = "2.18.PrimosVb", "2.18.PrimosVb\2.18.PrimosVb.vbproj", "{957251CD-9B44-41FA-826C-344C59DCA1A9}"
EndProject
Project("{9A19103F-16F7-4668-BE54-9A1E7A4F7556}") = "2.01.HipotenusaCs", "2.01.HipotenusaCs\2.01.HipotenusaCs.csproj", "{05637A0E-1F7B-4292-9FA7-76BBC6BA7AAB}"
EndProject
Project("{778DAE3C-4631-46EA-AA77-85C1314464D9}") = "2.02.VolumenCilindroVb", "2.02.VolumenCilindroVb\2.02.VolumenCilindroVb.vbproj", "{3AF80E76-5E60-4032-9692-BA0FC31CDFCF}"
EndProject
Project("{9A19103F-16F7-4668-BE54-9A1E7A4F7556}") = "2.03.AhoraEsCs", "2.03.AhoraEsCs\2.03.AhoraEsCs.csproj", "{0EED47F6-6BF1-4236-994B-19150E6B9568}"
EndProject
Project("{778DAE3C-4631-46EA-AA77-85C1314464D9}") = "2.05.MultiplicacionVb", "2.05.MultiplicacionVb\2.05.MultiplicacionVb.vbproj", "{271EF60C-8421-45AC-87E8-6A288E0BA6C0}"
EndProject
Project("{778DAE3C-4631-46EA-AA77-85C1314464D9}") = "2.06.SuperficieFigurasVb", "2.06.SuperficieFigurasVb\2.06.SuperficieFigurasVb.vbproj", "{552EBFD8-F7B1-4CFF-9727-8262AD4880F6}"
EndProject
Project("{9A19103F-16F7-4668-BE54-9A1E7A4F7556}") = "2.07.FechaInteligenteCs", "2.07.FechaInteligenteCs\2.07.FechaInteligenteCs.csproj", "{EA5B6E4E-7676-4339-80DF-CC234C2641E8}"
EndProject
Project("{778DAE3C-4631-46EA-AA77-85C1314464D9}") = "2.04.Nueva_Fecha", "2.04.NuevaFecha\2.04.Nueva_Fecha.vbproj", "{2CD7E5F3-E9FC-4E3A-AB46-B646E07E2A1A}"
EndProject
Project("{9A19103F-16F7-4668-BE54-9A1E7A4F7556}") = "2.08.DepositoCs", "2.08.DepositoCs\2.08.DepositoCs.csproj", "{D4290EEE-77EB-493F-B4E2-C36F90E37E96}"
EndProject
Project("{778DAE3C-4631-46EA-AA77-85C1314464D9}") = "2.09.CompararVb", "2.09.CompararVb\2.09.CompararVb.vbproj", "{2D269ED4-E5C0-4569-9C12-8ECB7D6A27C7}"
EndProject
Project("{778DAE3C-4631-46EA-AA77-85C1314464D9}") = "2.10.MenorVb", "2.10.MenorVb\2.10.MenorVb.vbproj", "{EC7C1392-89D4-4BAF-B419-A97FC002E2ED}"
EndProject
Project("{778DAE3C-4631-46EA-AA77-85C1314464D9}") = "2.11.TerceroVb", "2.11.TerceroVb\2.11.TerceroVb.vbproj", "{E7985D4C-4FA1-4C49-A42F-BF4AE88C61E8}"
EndProject
Project("{778DAE3C-4631-46EA-AA77-85C1314464D9}") = "2.12.VentaVb", "2.12.VentaVb\2.12.VentaVb.vbproj", "{7AE42198-4799-4959-A87F-D01F361D18EF}"
EndProject
Project("{9A19103F-16F7-4668-BE54-9A1E7A4F7556}") = "2.13.AnguloCs", "2.13.AnguloCs\2.13.AnguloCs.csproj", "{C0861109-C6AF-48FE-B810-0F4E60A60536}"
EndProject
Project("{778DAE3C-4631-46EA-AA77-85C1314464D9}") = "2.13.AnguloVb", "2.13.AnguloVb\2.13.AnguloVb.vbproj", "{445EDC25-FF2C-4BC9-9C29-920AA253AB10}"
EndProject
Project("{778DAE3C-4631-46EA-AA77-85C1314464D9}") = "2.14.Ventas2.0", "2.14..Ventas2.0\2.14.Ventas2.0.vbproj", "{058A8A2C-CCF8-4582-9E00-FC184624ED5C}"
EndProject
Project("{778DAE3C-4631-46EA-AA77-85C1314464D9}") = "2.15.NombreDiaVb", "2.15.NombreDiaVb\2.15.NombreDiaVb.vbproj", "{131FB1CB-9DB9-4D0F-A6D5-88F8ECFCEF7F}"
EndProject
Project("{778DAE3C-4631-46EA-AA77-85C1314464D9}") = "2.16.DiasMes", "2.16.DiasMes\2.16.DiasMes.vbproj", "{59A3B620-A2D5-474C-B3B6-C1C85934BA84}"
EndProject
Project("{778DAE3C-4631-46EA-AA77-85C1314464D9}") = "2.19.FibonacciVb", "2.19.FibonacciVb\2.19.FibonacciVb.vbproj", "{40DF6A61-E6FB-4863-B466-0709C16D7BBA}"
EndProject
Project("{9A19103F-16F7-4668-BE54-9A1E7A4F7556}") = "2.20.DepositoCs", "2.20.DepositoCs\2.20.DepositoCs.csproj", "{73995A8E-BDFB-4302-87D8-B49E9798EBD2}"
EndProject
Project("{778DAE3C-4631-46EA-AA77-85C1314464D9}") = "2.20.DepositoVb", "2.20.DepositoVb\2.20.DepositoVb.vbproj", "{4E0E1050-9E91-4DA2-9722-4EE60CFFAD32}"
EndProject
Global
	GlobalSection(SolutionConfigurationPlatforms) = preSolution
		Debug|Any CPU = Debug|Any CPU
		Release|Any CPU = Release|Any CPU
	EndGlobalSection
	GlobalSection(ProjectConfigurationPlatforms) = postSolution
		{40F58CD4-3430-43FA-8FFE-D9701C928866}.Debug|Any CPU.ActiveCfg = Debug|Any CPU
		{40F58CD4-3430-43FA-8FFE-D9701C928866}.Debug|Any CPU.Build.0 = Debug|Any CPU
		{40F58CD4-3430-43FA-8FFE-D9701C928866}.Release|Any CPU.ActiveCfg = Release|Any CPU
		{40F58CD4-3430-43FA-8FFE-D9701C928866}.Release|Any CPU.Build.0 = Release|Any CPU
		{582F44B9-7E75-420B-A52F-3FD51CFD5C0C}.Debug|Any CPU.ActiveCfg = Debug|Any CPU
		{582F44B9-7E75-420B-A52F-3FD51CFD5C0C}.Debug|Any CPU.Build.0 = Debug|Any CPU
		{582F44B9-7E75-420B-A52F-3FD51CFD5C0C}.Release|Any CPU.ActiveCfg = Release|Any CPU
		{582F44B9-7E75-420B-A52F-3FD51CFD5C0C}.Release|Any CPU.Build.0 = Release|Any CPU
		{6F2A43B5-A0F5-4C74-9DC6-CE57C5132315}.Debug|Any CPU.ActiveCfg = Debug|Any CPU
		{6F2A43B5-A0F5-4C74-9DC6-CE57C5132315}.Debug|Any CPU.Build.0 = Debug|Any CPU
		{6F2A43B5-A0F5-4C74-9DC6-CE57C5132315}.Release|Any CPU.ActiveCfg = Release|Any CPU
		{6F2A43B5-A0F5-4C74-9DC6-CE57C5132315}.Release|Any CPU.Build.0 = Release|Any CPU
		{957251CD-9B44-41FA-826C-344C59DCA1A9}.Debug|Any CPU.ActiveCfg = Debug|Any CPU
		{957251CD-9B44-41FA-826C-344C59DCA1A9}.Debug|Any CPU.Build.0 = Debug|Any CPU
		{957251CD-9B44-41FA-826C-344C59DCA1A9}.Release|Any CPU.ActiveCfg = Release|Any CPU
		{957251CD-9B44-41FA-826C-344C59DCA1A9}.Release|Any CPU.Build.0 = Release|Any CPU
		{05637A0E-1F7B-4292-9FA7-76BBC6BA7AAB}.Debug|Any CPU.ActiveCfg = Debug|Any CPU
		{05637A0E-1F7B-4292-9FA7-76BBC6BA7AAB}.Debug|Any CPU.Build.0 = Debug|Any CPU
		{05637A0E-1F7B-4292-9FA7-76BBC6BA7AAB}.Release|Any CPU.ActiveCfg = Release|Any CPU
		{05637A0E-1F7B-4292-9FA7-76BBC6BA7AAB}.Release|Any CPU.Build.0 = Release|Any CPU
		{3AF80E76-5E60-4032-9692-BA0FC31CDFCF}.Debug|Any CPU.ActiveCfg = Debug|Any CPU
		{3AF80E76-5E60-4032-9692-BA0FC31CDFCF}.Debug|Any CPU.Build.0 = Debug|Any CPU
		{3AF80E76-5E60-4032-9692-BA0FC31CDFCF}.Release|Any CPU.ActiveCfg = Release|Any CPU
		{3AF80E76-5E60-4032-9692-BA0FC31CDFCF}.Release|Any CPU.Build.0 = Release|Any CPU
		{0EED47F6-6BF1-4236-994B-19150E6B9568}.Debug|Any CPU.ActiveCfg = Debug|Any CPU
		{0EED47F6-6BF1-4236-994B-19150E6B9568}.Debug|Any CPU.Build.0 = Debug|Any CPU
		{0EED47F6-6BF1-4236-994B-19150E6B9568}.Release|Any CPU.ActiveCfg = Release|Any CPU
		{0EED47F6-6BF1-4236-994B-19150E6B9568}.Release|Any CPU.Build.0 = Release|Any CPU
		{271EF60C-8421-45AC-87E8-6A288E0BA6C0}.Debug|Any CPU.ActiveCfg = Debug|Any CPU
		{271EF60C-8421-45AC-87E8-6A288E0BA6C0}.Debug|Any CPU.Build.0 = Debug|Any CPU
		{271EF60C-8421-45AC-87E8-6A288E0BA6C0}.Release|Any CPU.ActiveCfg = Release|Any CPU
		{271EF60C-8421-45AC-87E8-6A288E0BA6C0}.Release|Any CPU.Build.0 = Release|Any CPU
		{552EBFD8-F7B1-4CFF-9727-8262AD4880F6}.Debug|Any CPU.ActiveCfg = Debug|Any CPU
		{552EBFD8-F7B1-4CFF-9727-8262AD4880F6}.Debug|Any CPU.Build.0 = Debug|Any CPU
		{552EBFD8-F7B1-4CFF-9727-8262AD4880F6}.Release|Any CPU.ActiveCfg = Release|Any CPU
		{552EBFD8-F7B1-4CFF-9727-8262AD4880F6}.Release|Any CPU.Build.0 = Release|Any CPU
		{EA5B6E4E-7676-4339-80DF-CC234C2641E8}.Debug|Any CPU.ActiveCfg = Debug|Any CPU
		{EA5B6E4E-7676-4339-80DF-CC234C2641E8}.Debug|Any CPU.Build.0 = Debug|Any CPU
		{EA5B6E4E-7676-4339-80DF-CC234C2641E8}.Release|Any CPU.ActiveCfg = Release|Any CPU
		{EA5B6E4E-7676-4339-80DF-CC234C2641E8}.Release|Any CPU.Build.0 = Release|Any CPU
		{2CD7E5F3-E9FC-4E3A-AB46-B646E07E2A1A}.Debug|Any CPU.ActiveCfg = Debug|Any CPU
		{2CD7E5F3-E9FC-4E3A-AB46-B646E07E2A1A}.Debug|Any CPU.Build.0 = Debug|Any CPU
		{2CD7E5F3-E9FC-4E3A-AB46-B646E07E2A1A}.Release|Any CPU.ActiveCfg = Release|Any CPU
		{2CD7E5F3-E9FC-4E3A-AB46-B646E07E2A1A}.Release|Any CPU.Build.0 = Release|Any CPU
		{D4290EEE-77EB-493F-B4E2-C36F90E37E96}.Debug|Any CPU.ActiveCfg = Debug|Any CPU
		{D4290EEE-77EB-493F-B4E2-C36F90E37E96}.Debug|Any CPU.Build.0 = Debug|Any CPU
		{D4290EEE-77EB-493F-B4E2-C36F90E37E96}.Release|Any CPU.ActiveCfg = Release|Any CPU
		{D4290EEE-77EB-493F-B4E2-C36F90E37E96}.Release|Any CPU.Build.0 = Release|Any CPU
		{2D269ED4-E5C0-4569-9C12-8ECB7D6A27C7}.Debug|Any CPU.ActiveCfg = Debug|Any CPU
		{2D269ED4-E5C0-4569-9C12-8ECB7D6A27C7}.Debug|Any CPU.Build.0 = Debug|Any CPU
		{2D269ED4-E5C0-4569-9C12-8ECB7D6A27C7}.Release|Any CPU.ActiveCfg = Release|Any CPU
		{2D269ED4-E5C0-4569-9C12-8ECB7D6A27C7}.Release|Any CPU.Build.0 = Release|Any CPU
		{EC7C1392-89D4-4BAF-B419-A97FC002E2ED}.Debug|Any CPU.ActiveCfg = Debug|Any CPU
		{EC7C1392-89D4-4BAF-B419-A97FC002E2ED}.Debug|Any CPU.Build.0 = Debug|Any CPU
		{EC7C1392-89D4-4BAF-B419-A97FC002E2ED}.Release|Any CPU.ActiveCfg = Release|Any CPU
		{EC7C1392-89D4-4BAF-B419-A97FC002E2ED}.Release|Any CPU.Build.0 = Release|Any CPU
		{E7985D4C-4FA1-4C49-A42F-BF4AE88C61E8}.Debug|Any CPU.ActiveCfg = Debug|Any CPU
		{E7985D4C-4FA1-4C49-A42F-BF4AE88C61E8}.Debug|Any CPU.Build.0 = Debug|Any CPU
		{E7985D4C-4FA1-4C49-A42F-BF4AE88C61E8}.Release|Any CPU.ActiveCfg = Release|Any CPU
		{E7985D4C-4FA1-4C49-A42F-BF4AE88C61E8}.Release|Any CPU.Build.0 = Release|Any CPU
		{7AE42198-4799-4959-A87F-D01F361D18EF}.Debug|Any CPU.ActiveCfg = Debug|Any CPU
		{7AE42198-4799-4959-A87F-D01F361D18EF}.Debug|Any CPU.Build.0 = Debug|Any CPU
		{7AE42198-4799-4959-A87F-D01F361D18EF}.Release|Any CPU.ActiveCfg = Release|Any CPU
		{7AE42198-4799-4959-A87F-D01F361D18EF}.Release|Any CPU.Build.0 = Release|Any CPU
		{C0861109-C6AF-48FE-B810-0F4E60A60536}.Debug|Any CPU.ActiveCfg = Debug|Any CPU
		{C0861109-C6AF-48FE-B810-0F4E60A60536}.Debug|Any CPU.Build.0 = Debug|Any CPU
		{C0861109-C6AF-48FE-B810-0F4E60A60536}.Release|Any CPU.ActiveCfg = Release|Any CPU
		{C0861109-C6AF-48FE-B810-0F4E60A60536}.Release|Any CPU.Build.0 = Release|Any CPU
		{445EDC25-FF2C-4BC9-9C29-920AA253AB10}.Debug|Any CPU.ActiveCfg = Debug|Any CPU
		{445EDC25-FF2C-4BC9-9C29-920AA253AB10}.Debug|Any CPU.Build.0 = Debug|Any CPU
		{445EDC25-FF2C-4BC9-9C29-920AA253AB10}.Release|Any CPU.ActiveCfg = Release|Any CPU
		{445EDC25-FF2C-4BC9-9C29-920AA253AB10}.Release|Any CPU.Build.0 = Release|Any CPU
		{058A8A2C-CCF8-4582-9E00-FC184624ED5C}.Debug|Any CPU.ActiveCfg = Debug|Any CPU
		{058A8A2C-CCF8-4582-9E00-FC184624ED5C}.Debug|Any CPU.Build.0 = Debug|Any CPU
		{058A8A2C-CCF8-4582-9E00-FC184624ED5C}.Release|Any CPU.ActiveCfg = Release|Any CPU
		{058A8A2C-CCF8-4582-9E00-FC184624ED5C}.Release|Any CPU.Build.0 = Release|Any CPU
		{131FB1CB-9DB9-4D0F-A6D5-88F8ECFCEF7F}.Debug|Any CPU.ActiveCfg = Debug|Any CPU
		{131FB1CB-9DB9-4D0F-A6D5-88F8ECFCEF7F}.Debug|Any CPU.Build.0 = Debug|Any CPU
		{131FB1CB-9DB9-4D0F-A6D5-88F8ECFCEF7F}.Release|Any CPU.ActiveCfg = Release|Any CPU
		{131FB1CB-9DB9-4D0F-A6D5-88F8ECFCEF7F}.Release|Any CPU.Build.0 = Release|Any CPU
		{59A3B620-A2D5-474C-B3B6-C1C85934BA84}.Debug|Any CPU.ActiveCfg = Debug|Any CPU
		{59A3B620-A2D5-474C-B3B6-C1C85934BA84}.Debug|Any CPU.Build.0 = Debug|Any CPU
		{59A3B620-A2D5-474C-B3B6-C1C85934BA84}.Release|Any CPU.ActiveCfg = Release|Any CPU
		{59A3B620-A2D5-474C-B3B6-C1C85934BA84}.Release|Any CPU.Build.0 = Release|Any CPU
		{40DF6A61-E6FB-4863-B466-0709C16D7BBA}.Debug|Any CPU.ActiveCfg = Debug|Any CPU
		{40DF6A61-E6FB-4863-B466-0709C16D7BBA}.Debug|Any CPU.Build.0 = Debug|Any CPU
		{40DF6A61-E6FB-4863-B466-0709C16D7BBA}.Release|Any CPU.ActiveCfg = Release|Any CPU
		{40DF6A61-E6FB-4863-B466-0709C16D7BBA}.Release|Any CPU.Build.0 = Release|Any CPU
		{73995A8E-BDFB-4302-87D8-B49E9798EBD2}.Debug|Any CPU.ActiveCfg = Debug|Any CPU
		{73995A8E-BDFB-4302-87D8-B49E9798EBD2}.Debug|Any CPU.Build.0 = Debug|Any CPU
		{73995A8E-BDFB-4302-87D8-B49E9798EBD2}.Release|Any CPU.ActiveCfg = Release|Any CPU
		{73995A8E-BDFB-4302-87D8-B49E9798EBD2}.Release|Any CPU.Build.0 = Release|Any CPU
		{4E0E1050-9E91-4DA2-9722-4EE60CFFAD32}.Debug|Any CPU.ActiveCfg = Debug|Any CPU
		{4E0E1050-9E91-4DA2-9722-4EE60CFFAD32}.Debug|Any CPU.Build.0 = Debug|Any CPU
		{4E0E1050-9E91-4DA2-9722-4EE60CFFAD32}.Release|Any CPU.ActiveCfg = Release|Any CPU
		{4E0E1050-9E91-4DA2-9722-4EE60CFFAD32}.Release|Any CPU.Build.0 = Release|Any CPU
	EndGlobalSection
	GlobalSection(SolutionProperties) = preSolution
		HideSolutionNode = FALSE
	EndGlobalSection
	GlobalSection(ExtensibilityGlobals) = postSolution
		SolutionGuid = {8B0CC685-7461-4962-BA24-B7173731590C}
	EndGlobalSection
EndGlobal
