
Microsoft Visual Studio Solution File, Format Version 12.00
# Visual Studio Version 17
VisualStudioVersion = 17.1.32210.238
MinimumVisualStudioVersion = 10.0.40219.1
Project("{F184B08F-C81C-45F6-A57F-5ABD9991F28F}") = "2.17.MenuVb", "MenuVb\2.17.MenuVb.vbproj", "{C169D1AC-9E82-4E66-9A43-E5C1CCC297E3}"
EndProject
Project("{FAE04EC0-301F-11D3-BF4B-00C04F79EFBC}") = "2.17.MenuCs", "1.17.MenuCs\2.17.MenuCs.csproj", "{4149D54E-1250-4BFD-A431-0FA67F33BD09}"
EndProject
Global
	GlobalSection(SolutionConfigurationPlatforms) = preSolution
		Debug|Any CPU = Debug|Any CPU
		Release|Any CPU = Release|Any CPU
	EndGlobalSection
	GlobalSection(ProjectConfigurationPlatforms) = postSolution
		{C169D1AC-9E82-4E66-9A43-E5C1CCC297E3}.Debug|Any CPU.ActiveCfg = Debug|Any CPU
		{C169D1AC-9E82-4E66-9A43-E5C1CCC297E3}.Debug|Any CPU.Build.0 = Debug|Any CPU
		{C169D1AC-9E82-4E66-9A43-E5C1CCC297E3}.Release|Any CPU.ActiveCfg = Release|Any CPU
		{C169D1AC-9E82-4E66-9A43-E5C1CCC297E3}.Release|Any CPU.Build.0 = Release|Any CPU
		{4149D54E-1250-4BFD-A431-0FA67F33BD09}.Debug|Any CPU.ActiveCfg = Debug|Any CPU
		{4149D54E-1250-4BFD-A431-0FA67F33BD09}.Debug|Any CPU.Build.0 = Debug|Any CPU
		{4149D54E-1250-4BFD-A431-0FA67F33BD09}.Release|Any CPU.ActiveCfg = Release|Any CPU
		{4149D54E-1250-4BFD-A431-0FA67F33BD09}.Release|Any CPU.Build.0 = Release|Any CPU
	EndGlobalSection
	GlobalSection(SolutionProperties) = preSolution
		HideSolutionNode = FALSE
	EndGlobalSection
	GlobalSection(ExtensibilityGlobals) = postSolution
		SolutionGuid = {8B0CC685-7461-4962-BA24-B7173731590C}
	EndGlobalSection
EndGlobal
