
Microsoft Visual Studio Solution File, Format Version 12.00
# Visual Studio Version 17
VisualStudioVersion = 17.1.32210.238
MinimumVisualStudioVersion = 10.0.40219.1
Project("{9A19103F-16F7-4668-BE54-9A1E7A4F7556}") = "2.17.MenuCs", "2.17.MenuCs\2.17.MenuCs.csproj", "{40F58CD4-3430-43FA-8FFE-D9701C928866}"
EndProject
Project("{778DAE3C-4631-46EA-AA77-85C1314464D9}") = "2.17.MenuVb", "2.17.MenuVb\2.17.MenuVb.vbproj", "{582F44B9-7E75-420B-A52F-3FD51CFD5C0C}"
EndProject
Project("{9A19103F-16F7-4668-BE54-9A1E7A4F7556}") = "2.18.PrimosCs", "2.18.PrimosCs\2.18.PrimosCs.csproj", "{6F2A43B5-A0F5-4C74-9DC6-CE57C5132315}"
EndProject
Project("{778DAE3C-4631-46EA-AA77-85C1314464D9}") = "2.18.PrimosVb", "2.18.PrimosVb\2.18.PrimosVb.vbproj", "{957251CD-9B44-41FA-826C-344C59DCA1A9}"
EndProject
Project("{9A19103F-16F7-4668-BE54-9A1E7A4F7556}") = "2.01.HipotenusaCs", "2.01.HipotenusaCs\2.01.HipotenusaCs.csproj", "{05637A0E-1F7B-4292-9FA7-76BBC6BA7AAB}"
EndProject
Project("{778DAE3C-4631-46EA-AA77-85C1314464D9}") = "2.02.VolumenCilindroVb", "2.02.VolumenCilindroVb\2.02.VolumenCilindroVb.vbproj", "{3AF80E76-5E60-4032-9692-BA0FC31CDFCF}"
EndProject
Project("{9A19103F-16F7-4668-BE54-9A1E7A4F7556}") = "2.03.AhoraEsCs", "2.03.AhoraEsCs\2.03.AhoraEsCs.csproj", "{0EED47F6-6BF1-4236-994B-19150E6B9568}"
EndProject
Project("{778DAE3C-4631-46EA-AA77-85C1314464D9}") = "2.05.MultiplicacionVb", "2.05.MultiplicacionVb\2.05.MultiplicacionVb.vbproj", "{271EF60C-8421-45AC-87E8-6A288E0BA6C0}"
EndProject
Project("{778DAE3C-4631-46EA-AA77-85C1314464D9}") = "2.06.SuperficieFigurasVb", "2.06.SuperficieFigurasVb\2.06.SuperficieFigurasVb.vbproj", "{552EBFD8-F7B1-4CFF-9727-8262AD4880F6}"
EndProject
Project("{9A19103F-16F7-4668-BE54-9A1E7A4F7556}") = "2.07.FechaInteligenteCs", "2.07.FechaInteligenteCs\2.07.FechaInteligenteCs.csproj", "{EA5B6E4E-7676-4339-80DF-CC234C2641E8}"
EndProject
Global
	GlobalSection(SolutionConfigurationPlatforms) = preSolution
		Debug|Any CPU = Debug|Any CPU
		Release|Any CPU = Release|Any CPU
	EndGlobalSection
	GlobalSection(ProjectConfigurationPlatforms) = postSolution
		{40F58CD4-3430-43FA-8FFE-D9701C928866}.Debug|Any CPU.ActiveCfg = Debug|Any CPU
		{40F58CD4-3430-43FA-8FFE-D9701C928866}.Debug|Any CPU.Build.0 = Debug|Any CPU
		{40F58CD4-3430-43FA-8FFE-D9701C928866}.Release|Any CPU.ActiveCfg = Release|Any CPU
		{40F58CD4-3430-43FA-8FFE-D9701C928866}.Release|Any CPU.Build.0 = Release|Any CPU
		{582F44B9-7E75-420B-A52F-3FD51CFD5C0C}.Debug|Any CPU.ActiveCfg = Debug|Any CPU
		{582F44B9-7E75-420B-A52F-3FD51CFD5C0C}.Debug|Any CPU.Build.0 = Debug|Any CPU
		{582F44B9-7E75-420B-A52F-3FD51CFD5C0C}.Release|Any CPU.ActiveCfg = Release|Any CPU
		{582F44B9-7E75-420B-A52F-3FD51CFD5C0C}.Release|Any CPU.Build.0 = Release|Any CPU
		{6F2A43B5-A0F5-4C74-9DC6-CE57C5132315}.Debug|Any CPU.ActiveCfg = Debug|Any CPU
		{6F2A43B5-A0F5-4C74-9DC6-CE57C5132315}.Debug|Any CPU.Build.0 = Debug|Any CPU
		{6F2A43B5-A0F5-4C74-9DC6-CE57C5132315}.Release|Any CPU.ActiveCfg = Release|Any CPU
		{6F2A43B5-A0F5-4C74-9DC6-CE57C5132315}.Release|Any CPU.Build.0 = Release|Any CPU
		{957251CD-9B44-41FA-826C-344C59DCA1A9}.Debug|Any CPU.ActiveCfg = Debug|Any CPU
		{957251CD-9B44-41FA-826C-344C59DCA1A9}.Debug|Any CPU.Build.0 = Debug|Any CPU
		{957251CD-9B44-41FA-826C-344C59DCA1A9}.Release|Any CPU.ActiveCfg = Release|Any CPU
		{957251CD-9B44-41FA-826C-344C59DCA1A9}.Release|Any CPU.Build.0 = Release|Any CPU
		{05637A0E-1F7B-4292-9FA7-76BBC6BA7AAB}.Debug|Any CPU.ActiveCfg = Debug|Any CPU
		{05637A0E-1F7B-4292-9FA7-76BBC6BA7AAB}.Debug|Any CPU.Build.0 = Debug|Any CPU
		{05637A0E-1F7B-4292-9FA7-76BBC6BA7AAB}.Release|Any CPU.ActiveCfg = Release|Any CPU
		{05637A0E-1F7B-4292-9FA7-76BBC6BA7AAB}.Release|Any CPU.Build.0 = Release|Any CPU
		{3AF80E76-5E60-4032-9692-BA0FC31CDFCF}.Debug|Any CPU.ActiveCfg = Debug|Any CPU
		{3AF80E76-5E60-4032-9692-BA0FC31CDFCF}.Debug|Any CPU.Build.0 = Debug|Any CPU
		{3AF80E76-5E60-4032-9692-BA0FC31CDFCF}.Release|Any CPU.ActiveCfg = Release|Any CPU
		{3AF80E76-5E60-4032-9692-BA0FC31CDFCF}.Release|Any CPU.Build.0 = Release|Any CPU
		{0EED47F6-6BF1-4236-994B-19150E6B9568}.Debug|Any CPU.ActiveCfg = Debug|Any CPU
		{0EED47F6-6BF1-4236-994B-19150E6B9568}.Debug|Any CPU.Build.0 = Debug|Any CPU
		{0EED47F6-6BF1-4236-994B-19150E6B9568}.Release|Any CPU.ActiveCfg = Release|Any CPU
		{0EED47F6-6BF1-4236-994B-19150E6B9568}.Release|Any CPU.Build.0 = Release|Any CPU
		{271EF60C-8421-45AC-87E8-6A288E0BA6C0}.Debug|Any CPU.ActiveCfg = Debug|Any CPU
		{271EF60C-8421-45AC-87E8-6A288E0BA6C0}.Debug|Any CPU.Build.0 = Debug|Any CPU
		{271EF60C-8421-45AC-87E8-6A288E0BA6C0}.Release|Any CPU.ActiveCfg = Release|Any CPU
		{271EF60C-8421-45AC-87E8-6A288E0BA6C0}.Release|Any CPU.Build.0 = Release|Any CPU
		{552EBFD8-F7B1-4CFF-9727-8262AD4880F6}.Debug|Any CPU.ActiveCfg = Debug|Any CPU
		{552EBFD8-F7B1-4CFF-9727-8262AD4880F6}.Debug|Any CPU.Build.0 = Debug|Any CPU
		{552EBFD8-F7B1-4CFF-9727-8262AD4880F6}.Release|Any CPU.ActiveCfg = Release|Any CPU
		{552EBFD8-F7B1-4CFF-9727-8262AD4880F6}.Release|Any CPU.Build.0 = Release|Any CPU
		{EA5B6E4E-7676-4339-80DF-CC234C2641E8}.Debug|Any CPU.ActiveCfg = Debug|Any CPU
		{EA5B6E4E-7676-4339-80DF-CC234C2641E8}.Debug|Any CPU.Build.0 = Debug|Any CPU
		{EA5B6E4E-7676-4339-80DF-CC234C2641E8}.Release|Any CPU.ActiveCfg = Release|Any CPU
		{EA5B6E4E-7676-4339-80DF-CC234C2641E8}.Release|Any CPU.Build.0 = Release|Any CPU
	EndGlobalSection
	GlobalSection(SolutionProperties) = preSolution
		HideSolutionNode = FALSE
	EndGlobalSection
	GlobalSection(ExtensibilityGlobals) = postSolution
		SolutionGuid = {8B0CC685-7461-4962-BA24-B7173731590C}
	EndGlobalSection
EndGlobal
